
Microsoft Visual Studio Solution File, Format Version 12.00
# Visual Studio Version 16
VisualStudioVersion = 16.0.30717.126
MinimumVisualStudioVersion = 10.0.40219.1
Project("{9A19103F-16F7-4668-BE54-9A1E7A4F7556}") = "Silvester.Pathfinder.Official.Database", "Silvester.Pathfinder.Official.Database\Silvester.Pathfinder.Official.Database.csproj", "{ECADB745-D8BB-48A5-B7B5-ADAA01CE231E}"
EndProject
Project("{9A19103F-16F7-4668-BE54-9A1E7A4F7556}") = "Silvester.Pathfinder.Official.Api", "Silvester.Pathfinder.Official.Api\Silvester.Pathfinder.Official.Api.csproj", "{D37CA9AC-1BEF-4354-A3D6-4708B8CC0248}"
EndProject
Project("{2150E333-8FDC-42A3-9474-1A3956D46DE8}") = "Properties", "Properties", "{E7526797-2CB9-47EE-A9CF-602F33375545}"
	ProjectSection(SolutionItems) = preProject
		..\.github\workflows\main.yml = ..\.github\workflows\main.yml
		Properties.proj = Properties.proj
	EndProjectSection
EndProject
Project("{9A19103F-16F7-4668-BE54-9A1E7A4F7556}") = "Silvester.Pathfinder.Official.Database.Guids", "Silvester.Pathfinder.Official.Database.Guids\Silvester.Pathfinder.Official.Database.Guids.csproj", "{30F60EC6-A548-4183-9223-DCE1AC8F47EC}"
EndProject
Project("{FAE04EC0-301F-11D3-BF4B-00C04F79EFBC}") = "Silvester.Pathfinder.Official.Probes", "Silvester.Pathfinder.Official.Probes\Silvester.Pathfinder.Official.Probes.csproj", "{17AEF9BB-CBC4-4433-9503-3ED48FDE1813}"
EndProject
Project("{9A19103F-16F7-4668-BE54-9A1E7A4F7556}") = "Silvester.Pathfinder.Official.Documents", "Silvester.Pathfinder.Official.Documents\Silvester.Pathfinder.Official.Documents.csproj", "{E98932A5-A617-4A86-AC4A-380D6AFC84F4}"
EndProject
Project("{FAE04EC0-301F-11D3-BF4B-00C04F79EFBC}") = "Silvester.Pathfinder.Official.ModelBinding", "Silvester.Pathfinder.Official.ModelBinding\Silvester.Pathfinder.Official.ModelBinding.csproj", "{B64389C3-3039-485D-8449-7DC7CDED71FA}"
EndProject
Project("{FAE04EC0-301F-11D3-BF4B-00C04F79EFBC}") = "Silvester.Pathfinder.Official.Extensions", "Silvester.Pathfinder.Official.Extensions\Silvester.Pathfinder.Official.Extensions.csproj", "{E691B724-8BE6-43F6-89FF-C45202D22FF6}"
EndProject
Global
	GlobalSection(SolutionConfigurationPlatforms) = preSolution
		Debug|Any CPU = Debug|Any CPU
		Release|Any CPU = Release|Any CPU
	EndGlobalSection
	GlobalSection(ProjectConfigurationPlatforms) = postSolution
		{ECADB745-D8BB-48A5-B7B5-ADAA01CE231E}.Debug|Any CPU.ActiveCfg = Debug|Any CPU
		{ECADB745-D8BB-48A5-B7B5-ADAA01CE231E}.Debug|Any CPU.Build.0 = Debug|Any CPU
		{ECADB745-D8BB-48A5-B7B5-ADAA01CE231E}.Release|Any CPU.ActiveCfg = Release|Any CPU
		{ECADB745-D8BB-48A5-B7B5-ADAA01CE231E}.Release|Any CPU.Build.0 = Release|Any CPU
		{D37CA9AC-1BEF-4354-A3D6-4708B8CC0248}.Debug|Any CPU.ActiveCfg = Debug|Any CPU
		{D37CA9AC-1BEF-4354-A3D6-4708B8CC0248}.Debug|Any CPU.Build.0 = Debug|Any CPU
		{D37CA9AC-1BEF-4354-A3D6-4708B8CC0248}.Release|Any CPU.ActiveCfg = Release|Any CPU
		{D37CA9AC-1BEF-4354-A3D6-4708B8CC0248}.Release|Any CPU.Build.0 = Release|Any CPU
		{30F60EC6-A548-4183-9223-DCE1AC8F47EC}.Debug|Any CPU.ActiveCfg = Debug|Any CPU
		{30F60EC6-A548-4183-9223-DCE1AC8F47EC}.Debug|Any CPU.Build.0 = Debug|Any CPU
		{30F60EC6-A548-4183-9223-DCE1AC8F47EC}.Release|Any CPU.ActiveCfg = Release|Any CPU
		{30F60EC6-A548-4183-9223-DCE1AC8F47EC}.Release|Any CPU.Build.0 = Release|Any CPU
		{17AEF9BB-CBC4-4433-9503-3ED48FDE1813}.Debug|Any CPU.ActiveCfg = Debug|Any CPU
		{17AEF9BB-CBC4-4433-9503-3ED48FDE1813}.Debug|Any CPU.Build.0 = Debug|Any CPU
		{17AEF9BB-CBC4-4433-9503-3ED48FDE1813}.Release|Any CPU.ActiveCfg = Release|Any CPU
		{17AEF9BB-CBC4-4433-9503-3ED48FDE1813}.Release|Any CPU.Build.0 = Release|Any CPU
		{E98932A5-A617-4A86-AC4A-380D6AFC84F4}.Debug|Any CPU.ActiveCfg = Debug|Any CPU
		{E98932A5-A617-4A86-AC4A-380D6AFC84F4}.Debug|Any CPU.Build.0 = Debug|Any CPU
		{E98932A5-A617-4A86-AC4A-380D6AFC84F4}.Release|Any CPU.ActiveCfg = Release|Any CPU
		{E98932A5-A617-4A86-AC4A-380D6AFC84F4}.Release|Any CPU.Build.0 = Release|Any CPU
		{B64389C3-3039-485D-8449-7DC7CDED71FA}.Debug|Any CPU.ActiveCfg = Debug|Any CPU
		{B64389C3-3039-485D-8449-7DC7CDED71FA}.Debug|Any CPU.Build.0 = Debug|Any CPU
		{B64389C3-3039-485D-8449-7DC7CDED71FA}.Release|Any CPU.ActiveCfg = Release|Any CPU
		{B64389C3-3039-485D-8449-7DC7CDED71FA}.Release|Any CPU.Build.0 = Release|Any CPU
		{E691B724-8BE6-43F6-89FF-C45202D22FF6}.Debug|Any CPU.ActiveCfg = Debug|Any CPU
		{E691B724-8BE6-43F6-89FF-C45202D22FF6}.Debug|Any CPU.Build.0 = Debug|Any CPU
		{E691B724-8BE6-43F6-89FF-C45202D22FF6}.Release|Any CPU.ActiveCfg = Release|Any CPU
		{E691B724-8BE6-43F6-89FF-C45202D22FF6}.Release|Any CPU.Build.0 = Release|Any CPU
	EndGlobalSection
	GlobalSection(SolutionProperties) = preSolution
		HideSolutionNode = FALSE
	EndGlobalSection
	GlobalSection(ExtensibilityGlobals) = postSolution
		SolutionGuid = {022489C1-A8F0-4D11-B41D-A9BFF1D59335}
	EndGlobalSection
EndGlobal
